
Microsoft Visual Studio Solution File, Format Version 12.00
# Visual Studio Version 17
VisualStudioVersion = 17.9.34728.123
MinimumVisualStudioVersion = 10.0.40219.1
Project("{9A19103F-16F7-4668-BE54-9A1E7A4F7556}") = "ProductDossier", "ProductDossier\ProductDossier.csproj", "{A63F5B97-2505-44FB-88F7-6CCAC351603B}"
EndProject
Project("{FAE04EC0-301F-11D3-BF4B-00C04F79EFBC}") = "TestProductDossier", "TestProductDossier\TestProductDossier.csproj", "{1BE536B8-E688-4385-830B-D89DA30DB538}"
EndProject
Global
	GlobalSection(SolutionConfigurationPlatforms) = preSolution
		Debug|Any CPU = Debug|Any CPU
		Release|Any CPU = Release|Any CPU
	EndGlobalSection
	GlobalSection(ProjectConfigurationPlatforms) = postSolution
		{A63F5B97-2505-44FB-88F7-6CCAC351603B}.Debug|Any CPU.ActiveCfg = Debug|Any CPU
		{A63F5B97-2505-44FB-88F7-6CCAC351603B}.Debug|Any CPU.Build.0 = Debug|Any CPU
		{A63F5B97-2505-44FB-88F7-6CCAC351603B}.Release|Any CPU.ActiveCfg = Release|Any CPU
		{A63F5B97-2505-44FB-88F7-6CCAC351603B}.Release|Any CPU.Build.0 = Release|Any CPU
		{1BE536B8-E688-4385-830B-D89DA30DB538}.Debug|Any CPU.ActiveCfg = Debug|Any CPU
		{1BE536B8-E688-4385-830B-D89DA30DB538}.Debug|Any CPU.Build.0 = Debug|Any CPU
		{1BE536B8-E688-4385-830B-D89DA30DB538}.Release|Any CPU.ActiveCfg = Release|Any CPU
		{1BE536B8-E688-4385-830B-D89DA30DB538}.Release|Any CPU.Build.0 = Release|Any CPU
	EndGlobalSection
	GlobalSection(SolutionProperties) = preSolution
		HideSolutionNode = FALSE
	EndGlobalSection
	GlobalSection(ExtensibilityGlobals) = postSolution
		SolutionGuid = {54344311-1DAF-4882-A748-A0AEA56F55A8}
	EndGlobalSection
EndGlobal
